
Microsoft Visual Studio Solution File, Format Version 11.00
# Visual Studio 2010
Project("{2150E333-8FDC-42A3-9474-1A3956D46DE8}") = "Libraries", "Libraries", "{47F2D3AE-8F58-45B4-9782-7AC6352F49B3}"
EndProject
Project("{2150E333-8FDC-42A3-9474-1A3956D46DE8}") = "Cores", "Cores", "{5A7CBB9A-4726-4AC7-9830-ACF3AD28ABAF}"
	ProjectSection(SolutionItems) = preProject
		..\Cores\Helper.cpp = ..\Cores\Helper.cpp
		..\Cores\Helper.h = ..\Cores\Helper.h
	EndProjectSection
EndProject
Project("{8BC9CEB8-8B4A-11D0-8D11-00A0C91BC942}") = "UpxLoader", "VC100\UpxLoader.vcxproj", "{D6996E56-E674-4102-9F4E-2407F4A87D4F}"
EndProject
Project("{8BC9CEB8-8B4A-11D0-8D11-00A0C91BC942}") = "League of Legends", "VC100\League of Legends.vcxproj", "{17C944F7-762A-467B-86D6-7A3D64BCAB27}"
	ProjectSection(ProjectDependencies) = postProject
		{86C13717-6E05-4AB8-A8EF-7BCD50BB4B34} = {86C13717-6E05-4AB8-A8EF-7BCD50BB4B34}
		{132C4427-5FEA-4C06-A9E7-3F5104E5CAE3} = {132C4427-5FEA-4C06-A9E7-3F5104E5CAE3}
		{BED17788-577B-455E-B3B9-1CB8639131EF} = {BED17788-577B-455E-B3B9-1CB8639131EF}
	EndProjectSection
EndProject
Project("{8BC9CEB8-8B4A-11D0-8D11-00A0C91BC942}") = "enet-1.2.5", "VC100\enet-1.2.5.vcxproj", "{8396D19A-F583-4DB7-B02E-25A04EA97626}"
EndProject
Project("{8BC9CEB8-8B4A-11D0-8D11-00A0C91BC942}") = "BoostPython", "VC100\BoostPython.vcxproj", "{132C4427-5FEA-4C06-A9E7-3F5104E5CAE3}"
EndProject
Project("{8BC9CEB8-8B4A-11D0-8D11-00A0C91BC942}") = "Crypto", "VC100\Crypto.vcxproj", "{BED17788-577B-455E-B3B9-1CB8639131EF}"
EndProject
Project("{8BC9CEB8-8B4A-11D0-8D11-00A0C91BC942}") = "General", "VC100\General.vcxproj", "{86C13717-6E05-4AB8-A8EF-7BCD50BB4B34}"
EndProject
Project("{8BC9CEB8-8B4A-11D0-8D11-00A0C91BC942}") = "IntPe9", "VC100\IntPe9.vcxproj", "{E2EFA64E-3109-4CB9-84D3-7DBD8EFD663D}"
EndProject
Project("{8BC9CEB8-8B4A-11D0-8D11-00A0C91BC942}") = "Winsock", "VC100\Winsock.vcxproj", "{8F44EBF8-45DA-4324-90C0-772401ED9FB1}"
	ProjectSection(ProjectDependencies) = postProject
		{86C13717-6E05-4AB8-A8EF-7BCD50BB4B34} = {86C13717-6E05-4AB8-A8EF-7BCD50BB4B34}
	EndProjectSection
EndProject
Project("{8BC9CEB8-8B4A-11D0-8D11-00A0C91BC942}") = "LoL IAT", "VC100\LoL IAT.vcxproj", "{41876D27-0B84-40ED-A258-3FD6ADB7D1C2}"
EndProject
Project("{8BC9CEB8-8B4A-11D0-8D11-00A0C91BC942}") = "Stollmann", "VC100\Stollmann.vcxproj", "{6BBE3DBE-E708-4107-A5E6-23F7BC7C0DE6}"
EndProject
Global
	GlobalSection(SolutionConfigurationPlatforms) = preSolution
		Debug|Win32 = Debug|Win32
		Release|Win32 = Release|Win32
	EndGlobalSection
	GlobalSection(ProjectConfigurationPlatforms) = postSolution
		{D6996E56-E674-4102-9F4E-2407F4A87D4F}.Debug|Win32.ActiveCfg = Debug|Win32
		{D6996E56-E674-4102-9F4E-2407F4A87D4F}.Debug|Win32.Build.0 = Debug|Win32
		{D6996E56-E674-4102-9F4E-2407F4A87D4F}.Release|Win32.ActiveCfg = Release|Win32
		{D6996E56-E674-4102-9F4E-2407F4A87D4F}.Release|Win32.Build.0 = Release|Win32
		{17C944F7-762A-467B-86D6-7A3D64BCAB27}.Debug|Win32.ActiveCfg = Debug|Win32
		{17C944F7-762A-467B-86D6-7A3D64BCAB27}.Debug|Win32.Build.0 = Debug|Win32
		{17C944F7-762A-467B-86D6-7A3D64BCAB27}.Release|Win32.ActiveCfg = Release|Win32
		{17C944F7-762A-467B-86D6-7A3D64BCAB27}.Release|Win32.Build.0 = Release|Win32
		{8396D19A-F583-4DB7-B02E-25A04EA97626}.Debug|Win32.ActiveCfg = Debug|Win32
		{8396D19A-F583-4DB7-B02E-25A04EA97626}.Debug|Win32.Build.0 = Debug|Win32
		{8396D19A-F583-4DB7-B02E-25A04EA97626}.Release|Win32.ActiveCfg = Release|Win32
		{8396D19A-F583-4DB7-B02E-25A04EA97626}.Release|Win32.Build.0 = Release|Win32
		{132C4427-5FEA-4C06-A9E7-3F5104E5CAE3}.Debug|Win32.ActiveCfg = Debug|Win32
		{132C4427-5FEA-4C06-A9E7-3F5104E5CAE3}.Debug|Win32.Build.0 = Debug|Win32
		{132C4427-5FEA-4C06-A9E7-3F5104E5CAE3}.Release|Win32.ActiveCfg = Release|Win32
		{132C4427-5FEA-4C06-A9E7-3F5104E5CAE3}.Release|Win32.Build.0 = Release|Win32
		{BED17788-577B-455E-B3B9-1CB8639131EF}.Debug|Win32.ActiveCfg = Debug|Win32
		{BED17788-577B-455E-B3B9-1CB8639131EF}.Debug|Win32.Build.0 = Debug|Win32
		{BED17788-577B-455E-B3B9-1CB8639131EF}.Release|Win32.ActiveCfg = Release|Win32
		{BED17788-577B-455E-B3B9-1CB8639131EF}.Release|Win32.Build.0 = Release|Win32
		{86C13717-6E05-4AB8-A8EF-7BCD50BB4B34}.Debug|Win32.ActiveCfg = Debug|Win32
		{86C13717-6E05-4AB8-A8EF-7BCD50BB4B34}.Debug|Win32.Build.0 = Debug|Win32
		{86C13717-6E05-4AB8-A8EF-7BCD50BB4B34}.Release|Win32.ActiveCfg = Release|Win32
		{86C13717-6E05-4AB8-A8EF-7BCD50BB4B34}.Release|Win32.Build.0 = Release|Win32
		{E2EFA64E-3109-4CB9-84D3-7DBD8EFD663D}.Debug|Win32.ActiveCfg = Debug|Win32
		{E2EFA64E-3109-4CB9-84D3-7DBD8EFD663D}.Debug|Win32.Build.0 = Debug|Win32
		{E2EFA64E-3109-4CB9-84D3-7DBD8EFD663D}.Release|Win32.ActiveCfg = Release|Win32
		{E2EFA64E-3109-4CB9-84D3-7DBD8EFD663D}.Release|Win32.Build.0 = Release|Win32
		{8F44EBF8-45DA-4324-90C0-772401ED9FB1}.Debug|Win32.ActiveCfg = Debug|Win32
		{8F44EBF8-45DA-4324-90C0-772401ED9FB1}.Debug|Win32.Build.0 = Debug|Win32
		{8F44EBF8-45DA-4324-90C0-772401ED9FB1}.Release|Win32.ActiveCfg = Release|Win32
		{8F44EBF8-45DA-4324-90C0-772401ED9FB1}.Release|Win32.Build.0 = Release|Win32
		{41876D27-0B84-40ED-A258-3FD6ADB7D1C2}.Debug|Win32.ActiveCfg = Debug|Win32
		{41876D27-0B84-40ED-A258-3FD6ADB7D1C2}.Debug|Win32.Build.0 = Debug|Win32
		{41876D27-0B84-40ED-A258-3FD6ADB7D1C2}.Release|Win32.ActiveCfg = Release|Win32
		{41876D27-0B84-40ED-A258-3FD6ADB7D1C2}.Release|Win32.Build.0 = Release|Win32
		{6BBE3DBE-E708-4107-A5E6-23F7BC7C0DE6}.Debug|Win32.ActiveCfg = Debug|Win32
		{6BBE3DBE-E708-4107-A5E6-23F7BC7C0DE6}.Debug|Win32.Build.0 = Debug|Win32
		{6BBE3DBE-E708-4107-A5E6-23F7BC7C0DE6}.Release|Win32.ActiveCfg = Release|Win32
		{6BBE3DBE-E708-4107-A5E6-23F7BC7C0DE6}.Release|Win32.Build.0 = Release|Win32
	EndGlobalSection
	GlobalSection(SolutionProperties) = preSolution
		HideSolutionNode = FALSE
	EndGlobalSection
	GlobalSection(NestedProjects) = preSolution
		{D6996E56-E674-4102-9F4E-2407F4A87D4F} = {47F2D3AE-8F58-45B4-9782-7AC6352F49B3}
		{8396D19A-F583-4DB7-B02E-25A04EA97626} = {47F2D3AE-8F58-45B4-9782-7AC6352F49B3}
		{132C4427-5FEA-4C06-A9E7-3F5104E5CAE3} = {47F2D3AE-8F58-45B4-9782-7AC6352F49B3}
		{BED17788-577B-455E-B3B9-1CB8639131EF} = {47F2D3AE-8F58-45B4-9782-7AC6352F49B3}
		{86C13717-6E05-4AB8-A8EF-7BCD50BB4B34} = {47F2D3AE-8F58-45B4-9782-7AC6352F49B3}
		{17C944F7-762A-467B-86D6-7A3D64BCAB27} = {5A7CBB9A-4726-4AC7-9830-ACF3AD28ABAF}
		{8F44EBF8-45DA-4324-90C0-772401ED9FB1} = {5A7CBB9A-4726-4AC7-9830-ACF3AD28ABAF}
		{41876D27-0B84-40ED-A258-3FD6ADB7D1C2} = {5A7CBB9A-4726-4AC7-9830-ACF3AD28ABAF}
		{6BBE3DBE-E708-4107-A5E6-23F7BC7C0DE6} = {5A7CBB9A-4726-4AC7-9830-ACF3AD28ABAF}
	EndGlobalSection
EndGlobal
